{
  "name": "web-seite-sergei",
  "lockfileVersion": 3,
  "requires": true,
  "packages": {
    "": {
      "dependencies": {
        "@geoapify/geocoder-autocomplete": "^3.0.1"
      }
    },
    "node_modules/@geoapify/geocoder-autocomplete": {
      "version": "3.0.1",
      "resolved": "https://registry.npmjs.org/@geoapify/geocoder-autocomplete/-/geocoder-autocomplete-3.0.1.tgz",
      "integrity": "sha512-zCvnDtRZKASUwJ9jNcYn1+g17IlouQQINLov/SkPC5/2e7N8CYkcMqj/SKK1ARvUkvqbFC0rMvvkJa7P6Rme7A==",
      "license": "MIT"
    }
  }
}
